// !$*UTF8*$!
{
	archiveVersion = 1;
	classes = {
	};
	objectVersion = 56;
	objects = {

/* Begin PBXBuildFile section */
		BC3A52892C6BD43C0029526F /* AppDelegate.swift in Sources */ = {isa = PBXBuildFile; fileRef = BC3A52882C6BD43C0029526F /* AppDelegate.swift */; };
		BC3A528B2C6BD43C0029526F /* SceneDelegate.swift in Sources */ = {isa = PBXBuildFile; fileRef = BC3A528A2C6BD43C0029526F /* SceneDelegate.swift */; };
		BC3A528D2C6BD43C0029526F /* ViewController.swift in Sources */ = {isa = PBXBuildFile; fileRef = BC3A528C2C6BD43C0029526F /* ViewController.swift */; };
		BC3A52902C6BD43C0029526F /* Base in Resources */ = {isa = PBXBuildFile; fileRef = BC3A528F2C6BD43C0029526F /* Base */; };
		BC3A52922C6BD43D0029526F /* Assets.xcassets in Resources */ = {isa = PBXBuildFile; fileRef = BC3A52912C6BD43D0029526F /* Assets.xcassets */; };
		BC3A52952C6BD43D0029526F /* Base in Resources */ = {isa = PBXBuildFile; fileRef = BC3A52942C6BD43D0029526F /* Base */; };
		BC3A52A02C6BD43D0029526F /* demiurgTests.swift in Sources */ = {isa = PBXBuildFile; fileRef = BC3A529F2C6BD43D0029526F /* demiurgTests.swift */; };
		BC3A52AA2C6BD43D0029526F /* demiurgUITests.swift in Sources */ = {isa = PBXBuildFile; fileRef = BC3A52A92C6BD43D0029526F /* demiurgUITests.swift */; };
		BC3A52AC2C6BD43D0029526F /* demiurgUITestsLaunchTests.swift in Sources */ = {isa = PBXBuildFile; fileRef = BC3A52AB2C6BD43D0029526F /* demiurgUITestsLaunchTests.swift */; };
/* End PBXBuildFile section */

/* Begin PBXContainerItemProxy section */
		BC3A529C2C6BD43D0029526F /* PBXContainerItemProxy */ = {
			isa = PBXContainerItemProxy;
			containerPortal = BC3A527D2C6BD43C0029526F /* Project object */;
			proxyType = 1;
			remoteGlobalIDString = BC3A52842C6BD43C0029526F;
			remoteInfo = demiurg;
		};
		BC3A52A62C6BD43D0029526F /* PBXContainerItemProxy */ = {
			isa = PBXContainerItemProxy;
			containerPortal = BC3A527D2C6BD43C0029526F /* Project object */;
			proxyType = 1;
			remoteGlobalIDString = BC3A52842C6BD43C0029526F;
			remoteInfo = demiurg;
		};
/* End PBXContainerItemProxy section */

/* Begin PBXFileReference section */
		BC3A52852C6BD43C0029526F /* demiurg.app */ = {isa = PBXFileReference; explicitFileType = wrapper.application; includeInIndex = 0; path = demiurg.app; sourceTree = BUILT_PRODUCTS_DIR; };
		BC3A52882C6BD43C0029526F /* AppDelegate.swift */ = {isa = PBXFileReference; lastKnownFileType = sourcecode.swift; path = AppDelegate.swift; sourceTree = "<group>"; };
		BC3A528A2C6BD43C0029526F /* SceneDelegate.swift */ = {isa = PBXFileReference; lastKnownFileType = sourcecode.swift; path = SceneDelegate.swift; sourceTree = "<group>"; };
		BC3A528C2C6BD43C0029526F /* ViewController.swift */ = {isa = PBXFileReference; lastKnownFileType = sourcecode.swift; path = ViewController.swift; sourceTree = "<group>"; };
		BC3A528F2C6BD43C0029526F /* Base */ = {isa = PBXFileReference; lastKnownFileType = file.storyboard; name = Base; path = Base.lproj/Main.storyboard; sourceTree = "<group>"; };
		BC3A52912C6BD43D0029526F /* Assets.xcassets */ = {isa = PBXFileReference; lastKnownFileType = folder.assetcatalog; path = Assets.xcassets; sourceTree = "<group>"; };
		BC3A52942C6BD43D0029526F /* Base */ = {isa = PBXFileReference; lastKnownFileType = file.storyboard; name = Base; path = Base.lproj/LaunchScreen.storyboard; sourceTree = "<group>"; };
		BC3A52962C6BD43D0029526F /* Info.plist */ = {isa = PBXFileReference; lastKnownFileType = text.plist.xml; path = Info.plist; sourceTree = "<group>"; };
		BC3A529B2C6BD43D0029526F /* demiurgTests.xctest */ = {isa = PBXFileReference; explicitFileType = wrapper.cfbundle; includeInIndex = 0; path = demiurgTests.xctest; sourceTree = BUILT_PRODUCTS_DIR; };
		BC3A529F2C6BD43D0029526F /* demiurgTests.swift */ = {isa = PBXFileReference; lastKnownFileType = sourcecode.swift; path = demiurgTests.swift; sourceTree = "<group>"; };
		BC3A52A52C6BD43D0029526F /* demiurgUITests.xctest */ = {isa = PBXFileReference; explicitFileType = wrapper.cfbundle; includeInIndex = 0; path = demiurgUITests.xctest; sourceTree = BUILT_PRODUCTS_DIR; };
		BC3A52A92C6BD43D0029526F /* demiurgUITests.swift */ = {isa = PBXFileReference; lastKnownFileType = sourcecode.swift; path = demiurgUITests.swift; sourceTree = "<group>"; };
		BC3A52AB2C6BD43D0029526F /* demiurgUITestsLaunchTests.swift */ = {isa = PBXFileReference; lastKnownFileType = sourcecode.swift; path = demiurgUITestsLaunchTests.swift; sourceTree = "<group>"; };
/* End PBXFileReference section */

/* Begin PBXFrameworksBuildPhase section */
		BC3A52822C6BD43C0029526F /* Frameworks */ = {
			isa = PBXFrameworksBuildPhase;
			buildActionMask = 2147483647;
			files = (
			);
			runOnlyForDeploymentPostprocessing = 0;
		};
		BC3A52982C6BD43D0029526F /* Frameworks */ = {
			isa = PBXFrameworksBuildPhase;
			buildActionMask = 2147483647;
			files = (
			);
			runOnlyForDeploymentPostprocessing = 0;
		};
		BC3A52A22C6BD43D0029526F /* Frameworks */ = {
			isa = PBXFrameworksBuildPhase;
			buildActionMask = 2147483647;
			files = (
			);
			runOnlyForDeploymentPostprocessing = 0;
		};
/* End PBXFrameworksBuildPhase section */

/* Begin PBXGroup section */
		BC3A527C2C6BD43C0029526F = {
			isa = PBXGroup;
			children = (
				BC3A52872C6BD43C0029526F /* demiurg */,
				BC3A529E2C6BD43D0029526F /* demiurgTests */,
				BC3A52A82C6BD43D0029526F /* demiurgUITests */,
				BC3A52862C6BD43C0029526F /* Products */,
			);
			sourceTree = "<group>";
		};
		BC3A52862C6BD43C0029526F /* Products */ = {
			isa = PBXGroup;
			children = (
				BC3A52852C6BD43C0029526F /* demiurg.app */,
				BC3A529B2C6BD43D0029526F /* demiurgTests.xctest */,
				BC3A52A52C6BD43D0029526F /* demiurgUITests.xctest */,
			);
			name = Products;
			sourceTree = "<group>";
		};
		BC3A52872C6BD43C0029526F /* demiurg */ = {
			isa = PBXGroup;
			children = (
				BC3A52882C6BD43C0029526F /* AppDelegate.swift */,
				BC3A528A2C6BD43C0029526F /* SceneDelegate.swift */,
				BC3A528C2C6BD43C0029526F /* ViewController.swift */,
				BC3A528E2C6BD43C0029526F /* Main.storyboard */,
				BC3A52912C6BD43D0029526F /* Assets.xcassets */,
				BC3A52932C6BD43D0029526F /* LaunchScreen.storyboard */,
				BC3A52962C6BD43D0029526F /* Info.plist */,
			);
			path = demiurg;
			sourceTree = "<group>";
		};
		BC3A529E2C6BD43D0029526F /* demiurgTests */ = {
			isa = PBXGroup;
			children = (
				BC3A529F2C6BD43D0029526F /* demiurgTests.swift */,
			);
			path = demiurgTests;
			sourceTree = "<group>";
		};
		BC3A52A82C6BD43D0029526F /* demiurgUITests */ = {
			isa = PBXGroup;
			children = (
				BC3A52A92C6BD43D0029526F /* demiurgUITests.swift */,
				BC3A52AB2C6BD43D0029526F /* demiurgUITestsLaunchTests.swift */,
			);
			path = demiurgUITests;
			sourceTree = "<group>";
		};
/* End PBXGroup section */

/* Begin PBXNativeTarget section */
		BC3A52842C6BD43C0029526F /* demiurg */ = {
			isa = PBXNativeTarget;
			buildConfigurationList = BC3A52AF2C6BD43D0029526F /* Build configuration list for PBXNativeTarget "demiurg" */;
			buildPhases = (
				BC3A52812C6BD43C0029526F /* Sources */,
				BC3A52822C6BD43C0029526F /* Frameworks */,
				BC3A52832C6BD43C0029526F /* Resources */,
			);
			buildRules = (
			);
			dependencies = (
			);
			name = demiurg;
			productName = demiurg;
			productReference = BC3A52852C6BD43C0029526F /* demiurg.app */;
			productType = "com.apple.product-type.application";
		};
		BC3A529A2C6BD43D0029526F /* demiurgTests */ = {
			isa = PBXNativeTarget;
			buildConfigurationList = BC3A52B22C6BD43D0029526F /* Build configuration list for PBXNativeTarget "demiurgTests" */;
			buildPhases = (
				BC3A52972C6BD43D0029526F /* Sources */,
				BC3A52982C6BD43D0029526F /* Frameworks */,
				BC3A52992C6BD43D0029526F /* Resources */,
			);
			buildRules = (
			);
			dependencies = (
				BC3A529D2C6BD43D0029526F /* PBXTargetDependency */,
			);
			name = demiurgTests;
			productName = demiurgTests;
			productReference = BC3A529B2C6BD43D0029526F /* demiurgTests.xctest */;
			productType = "com.apple.product-type.bundle.unit-test";
		};
		BC3A52A42C6BD43D0029526F /* demiurgUITests */ = {
			isa = PBXNativeTarget;
			buildConfigurationList = BC3A52B52C6BD43D0029526F /* Build configuration list for PBXNativeTarget "demiurgUITests" */;
			buildPhases = (
				BC3A52A12C6BD43D0029526F /* Sources */,
				BC3A52A22C6BD43D0029526F /* Frameworks */,
				BC3A52A32C6BD43D0029526F /* Resources */,
			);
			buildRules = (
			);
			dependencies = (
				BC3A52A72C6BD43D0029526F /* PBXTargetDependency */,
			);
			name = demiurgUITests;
			productName = demiurgUITests;
			productReference = BC3A52A52C6BD43D0029526F /* demiurgUITests.xctest */;
			productType = "com.apple.product-type.bundle.ui-testing";
		};
/* End PBXNativeTarget section */

/* Begin PBXProject section */
		BC3A527D2C6BD43C0029526F /* Project object */ = {
			isa = PBXProject;
			attributes = {
				BuildIndependentTargetsInParallel = 1;
				LastSwiftUpdateCheck = 1540;
				LastUpgradeCheck = 1540;
				TargetAttributes = {
					BC3A52842C6BD43C0029526F = {
						CreatedOnToolsVersion = 15.4;
					};
					BC3A529A2C6BD43D0029526F = {
						CreatedOnToolsVersion = 15.4;
						TestTargetID = BC3A52842C6BD43C0029526F;
					};
					BC3A52A42C6BD43D0029526F = {
						CreatedOnToolsVersion = 15.4;
						TestTargetID = BC3A52842C6BD43C0029526F;
					};
				};
			};
			buildConfigurationList = BC3A52802C6BD43C0029526F /* Build configuration list for PBXProject "demiurg" */;
			compatibilityVersion = "Xcode 14.0";
			developmentRegion = en;
			hasScannedForEncodings = 0;
			knownRegions = (
				en,
				Base,
			);
			mainGroup = BC3A527C2C6BD43C0029526F;
			productRefGroup = BC3A52862C6BD43C0029526F /* Products */;
			projectDirPath = "";
			projectRoot = "";
			targets = (
				BC3A52842C6BD43C0029526F /* demiurg */,
				BC3A529A2C6BD43D0029526F /* demiurgTests */,
				BC3A52A42C6BD43D0029526F /* demiurgUITests */,
			);
		};
/* End PBXProject section */

/* Begin PBXResourcesBuildPhase section */
		BC3A52832C6BD43C0029526F /* Resources */ = {
			isa = PBXResourcesBuildPhase;
			buildActionMask = 2147483647;
			files = (
				BC3A52922C6BD43D0029526F /* Assets.xcassets in Resources */,
				BC3A52952C6BD43D0029526F /* Base in Resources */,
				BC3A52902C6BD43C0029526F /* Base in Resources */,
			);
			runOnlyForDeploymentPostprocessing = 0;
		};
		BC3A52992C6BD43D0029526F /* Resources */ = {
			isa = PBXResourcesBuildPhase;
			buildActionMask = 2147483647;
			files = (
			);
			runOnlyForDeploymentPostprocessing = 0;
		};
		BC3A52A32C6BD43D0029526F /* Resources */ = {
			isa = PBXResourcesBuildPhase;
			buildActionMask = 2147483647;
			files = (
			);
			runOnlyForDeploymentPostprocessing = 0;
		};
/* End PBXResourcesBuildPhase section */

/* Begin PBXSourcesBuildPhase section */
		BC3A52812C6BD43C0029526F /* Sources */ = {
			isa = PBXSourcesBuildPhase;
			buildActionMask = 2147483647;
			files = (
				BC3A528D2C6BD43C0029526F /* ViewController.swift in Sources */,
				BC3A52892C6BD43C0029526F /* AppDelegate.swift in Sources */,
				BC3A528B2C6BD43C0029526F /* SceneDelegate.swift in Sources */,
			);
			runOnlyForDeploymentPostprocessing = 0;
		};
		BC3A52972C6BD43D0029526F /* Sources */ = {
			isa = PBXSourcesBuildPhase;
			buildActionMask = 2147483647;
			files = (
				BC3A52A02C6BD43D0029526F /* demiurgTests.swift in Sources */,
			);
			runOnlyForDeploymentPostprocessing = 0;
		};
		BC3A52A12C6BD43D0029526F /* Sources */ = {
			isa = PBXSourcesBuildPhase;
			buildActionMask = 2147483647;
			files = (
				BC3A52AC2C6BD43D0029526F /* demiurgUITestsLaunchTests.swift in Sources */,
				BC3A52AA2C6BD43D0029526F /* demiurgUITests.swift in Sources */,
			);
			runOnlyForDeploymentPostprocessing = 0;
		};
/* End PBXSourcesBuildPhase section */

/* Begin PBXTargetDependency section */
		BC3A529D2C6BD43D0029526F /* PBXTargetDependency */ = {
			isa = PBXTargetDependency;
			target = BC3A52842C6BD43C0029526F /* demiurg */;
			targetProxy = BC3A529C2C6BD43D0029526F /* PBXContainerItemProxy */;
		};
		BC3A52A72C6BD43D0029526F /* PBXTargetDependency */ = {
			isa = PBXTargetDependency;
			target = BC3A52842C6BD43C0029526F /* demiurg */;
			targetProxy = BC3A52A62C6BD43D0029526F /* PBXContainerItemProxy */;
		};
/* End PBXTargetDependency section */

/* Begin PBXVariantGroup section */
		BC3A528E2C6BD43C0029526F /* Main.storyboard */ = {
			isa = PBXVariantGroup;
			children = (
				BC3A528F2C6BD43C0029526F /* Base */,
			);
			name = Main.storyboard;
			sourceTree = "<group>";
		};
		BC3A52932C6BD43D0029526F /* LaunchScreen.storyboard */ = {
			isa = PBXVariantGroup;
			children = (
				BC3A52942C6BD43D0029526F /* Base */,
			);
			name = LaunchScreen.storyboard;
			sourceTree = "<group>";
		};
/* End PBXVariantGroup section */

/* Begin XCBuildConfiguration section */
		BC3A52AD2C6BD43D0029526F /* Debug */ = {
			isa = XCBuildConfiguration;
			buildSettings = {
				ALWAYS_SEARCH_USER_PATHS = NO;
				ASSETCATALOG_COMPILER_GENERATE_SWIFT_ASSET_SYMBOL_EXTENSIONS = YES;
				CLANG_ANALYZER_NONNULL = YES;
				CLANG_ANALYZER_NUMBER_OBJECT_CONVERSION = YES_AGGRESSIVE;
				CLANG_CXX_LANGUAGE_STANDARD = "gnu++20";
				CLANG_ENABLE_MODULES = YES;
				CLANG_ENABLE_OBJC_ARC = YES;
				CLANG_ENABLE_OBJC_WEAK = YES;
				CLANG_WARN_BLOCK_CAPTURE_AUTORELEASING = YES;
				CLANG_WARN_BOOL_CONVERSION = YES;
				CLANG_WARN_COMMA = YES;
				CLANG_WARN_CONSTANT_CONVERSION = YES;
				CLANG_WARN_DEPRECATED_OBJC_IMPLEMENTATIONS = YES;
				CLANG_WARN_DIRECT_OBJC_ISA_USAGE = YES_ERROR;
				CLANG_WARN_DOCUMENTATION_COMMENTS = YES;
				CLANG_WARN_EMPTY_BODY = YES;
				CLANG_WARN_ENUM_CONVERSION = YES;
				CLANG_WARN_INFINITE_RECURSION = YES;
				CLANG_WARN_INT_CONVERSION = YES;
				CLANG_WARN_NON_LITERAL_NULL_CONVERSION = YES;
				CLANG_WARN_OBJC_IMPLICIT_RETAIN_SELF = YES;
				CLANG_WARN_OBJC_LITERAL_CONVERSION = YES;
				CLANG_WARN_OBJC_ROOT_CLASS = YES_ERROR;
				CLANG_WARN_QUOTED_INCLUDE_IN_FRAMEWORK_HEADER = YES;
				CLANG_WARN_RANGE_LOOP_ANALYSIS = YES;
				CLANG_WARN_STRICT_PROTOTYPES = YES;
				CLANG_WARN_SUSPICIOUS_MOVE = YES;
				CLANG_WARN_UNGUARDED_AVAILABILITY = YES_AGGRESSIVE;
				CLANG_WARN_UNREACHABLE_CODE = YES;
				CLANG_WARN__DUPLICATE_METHOD_MATCH = YES;
				COPY_PHASE_STRIP = NO;
				DEBUG_INFORMATION_FORMAT = dwarf;
				ENABLE_STRICT_OBJC_MSGSEND = YES;
				ENABLE_TESTABILITY = YES;
				ENABLE_USER_SCRIPT_SANDBOXING = YES;
				GCC_C_LANGUAGE_STANDARD = gnu17;
				GCC_DYNAMIC_NO_PIC = NO;
				GCC_NO_COMMON_BLOCKS = YES;
				GCC_OPTIMIZATION_LEVEL = 0;
				GCC_PREPROCESSOR_DEFINITIONS = (
					"DEBUG=1",
					"$(inherited)",
				);
				GCC_WARN_64_TO_32_BIT_CONVERSION = YES;
				GCC_WARN_ABOUT_RETURN_TYPE = YES_ERROR;
				GCC_WARN_UNDECLARED_SELECTOR = YES;
				GCC_WARN_UNINITIALIZED_AUTOS = YES_AGGRESSIVE;
				GCC_WARN_UNUSED_FUNCTION = YES;
				GCC_WARN_UNUSED_VARIABLE = YES;
				IPHONEOS_DEPLOYMENT_TARGET = 17.5;
				LOCALIZATION_PREFERS_STRING_CATALOGS = YES;
				MTL_ENABLE_DEBUG_INFO = INCLUDE_SOURCE;
				MTL_FAST_MATH = YES;
				ONLY_ACTIVE_ARCH = YES;
				SDKROOT = iphoneos;
				SWIFT_ACTIVE_COMPILATION_CONDITIONS = "DEBUG $(inherited)";
				SWIFT_OPTIMIZATION_LEVEL = "-Onone";
			};
			name = Debug;
		};
		BC3A52AE2C6BD43D0029526F /* Release */ = {
			isa = XCBuildConfiguration;
			buildSettings = {
				ALWAYS_SEARCH_USER_PATHS = NO;
				ASSETCATALOG_COMPILER_GENERATE_SWIFT_ASSET_SYMBOL_EXTENSIONS = YES;
				CLANG_ANALYZER_NONNULL = YES;
				CLANG_ANALYZER_NUMBER_OBJECT_CONVERSION = YES_AGGRESSIVE;
				CLANG_CXX_LANGUAGE_STANDARD = "gnu++20";
				CLANG_ENABLE_MODULES = YES;
				CLANG_ENABLE_OBJC_ARC = YES;
				CLANG_ENABLE_OBJC_WEAK = YES;
				CLANG_WARN_BLOCK_CAPTURE_AUTORELEASING = YES;
				CLANG_WARN_BOOL_CONVERSION = YES;
				CLANG_WARN_COMMA = YES;
				CLANG_WARN_CONSTANT_CONVERSION = YES;
				CLANG_WARN_DEPRECATED_OBJC_IMPLEMENTATIONS = YES;
				CLANG_WARN_DIRECT_OBJC_ISA_USAGE = YES_ERROR;
				CLANG_WARN_DOCUMENTATION_COMMENTS = YES;
				CLANG_WARN_EMPTY_BODY = YES;
				CLANG_WARN_ENUM_CONVERSION = YES;
				CLANG_WARN_INFINITE_RECURSION = YES;
				CLANG_WARN_INT_CONVERSION = YES;
				CLANG_WARN_NON_LITERAL_NULL_CONVERSION = YES;
				CLANG_WARN_OBJC_IMPLICIT_RETAIN_SELF = YES;
				CLANG_WARN_OBJC_LITERAL_CONVERSION = YES;
				CLANG_WARN_OBJC_ROOT_CLASS = YES_ERROR;
				CLANG_WARN_QUOTED_INCLUDE_IN_FRAMEWORK_HEADER = YES;
				CLANG_WARN_RANGE_LOOP_ANALYSIS = YES;
				CLANG_WARN_STRICT_PROTOTYPES = YES;
				CLANG_WARN_SUSPICIOUS_MOVE = YES;
				CLANG_WARN_UNGUARDED_AVAILABILITY = YES_AGGRESSIVE;
				CLANG_WARN_UNREACHABLE_CODE = YES;
				CLANG_WARN__DUPLICATE_METHOD_MATCH = YES;
				COPY_PHASE_STRIP = NO;
				DEBUG_INFORMATION_FORMAT = "dwarf-with-dsym";
				ENABLE_NS_ASSERTIONS = NO;
				ENABLE_STRICT_OBJC_MSGSEND = YES;
				ENABLE_USER_SCRIPT_SANDBOXING = YES;
				GCC_C_LANGUAGE_STANDARD = gnu17;
				GCC_NO_COMMON_BLOCKS = YES;
				GCC_WARN_64_TO_32_BIT_CONVERSION = YES;
				GCC_WARN_ABOUT_RETURN_TYPE = YES_ERROR;
				GCC_WARN_UNDECLARED_SELECTOR = YES;
				GCC_WARN_UNINITIALIZED_AUTOS = YES_AGGRESSIVE;
				GCC_WARN_UNUSED_FUNCTION = YES;
				GCC_WARN_UNUSED_VARIABLE = YES;
				IPHONEOS_DEPLOYMENT_TARGET = 17.5;
				LOCALIZATION_PREFERS_STRING_CATALOGS = YES;
				MTL_ENABLE_DEBUG_INFO = NO;
				MTL_FAST_MATH = YES;
				SDKROOT = iphoneos;
				SWIFT_COMPILATION_MODE = wholemodule;
				VALIDATE_PRODUCT = YES;
			};
			name = Release;
		};
		BC3A52B02C6BD43D0029526F /* Debug */ = {
			isa = XCBuildConfiguration;
			buildSettings = {
				ASSETCATALOG_COMPILER_APPICON_NAME = AppIcon;
				ASSETCATALOG_COMPILER_GLOBAL_ACCENT_COLOR_NAME = AccentColor;
				CODE_SIGN_STYLE = Automatic;
				CURRENT_PROJECT_VERSION = 1;
				DEVELOPMENT_TEAM = 5L7SS75SFS;
				GENERATE_INFOPLIST_FILE = YES;
				INFOPLIST_FILE = demiurg/Info.plist;
				INFOPLIST_KEY_UIApplicationSupportsIndirectInputEvents = YES;
				INFOPLIST_KEY_UILaunchStoryboardName = LaunchScreen;
				INFOPLIST_KEY_UIMainStoryboardFile = Main;
				INFOPLIST_KEY_UISupportedInterfaceOrientations_iPad = "UIInterfaceOrientationPortrait UIInterfaceOrientationPortraitUpsideDown UIInterfaceOrientationLandscapeLeft UIInterfaceOrientationLandscapeRight";
				INFOPLIST_KEY_UISupportedInterfaceOrientations_iPhone = "UIInterfaceOrientationPortrait UIInterfaceOrientationLandscapeLeft UIInterfaceOrientationLandscapeRight";
				LD_RUNPATH_SEARCH_PATHS = (
					"$(inherited)",
					"@executable_path/Frameworks",
				);
				MARKETING_VERSION = 1.0;
				PRODUCT_BUNDLE_IDENTIFIER = com.rakhmatov.demiurg;
				PRODUCT_NAME = "$(TARGET_NAME)";
				SWIFT_EMIT_LOC_STRINGS = YES;
				SWIFT_VERSION = 5.0;
				TARGETED_DEVICE_FAMILY = "1,2";
			};
			name = Debug;
		};
		BC3A52B12C6BD43D0029526F /* Release */ = {
			isa = XCBuildConfiguration;
			buildSettings = {
				ASSETCATALOG_COMPILER_APPICON_NAME = AppIcon;
				ASSETCATALOG_COMPILER_GLOBAL_ACCENT_COLOR_NAME = AccentColor;
				CODE_SIGN_STYLE = Automatic;
				CURRENT_PROJECT_VERSION = 1;
				DEVELOPMENT_TEAM = 5L7SS75SFS;
				GENERATE_INFOPLIST_FILE = YES;
				INFOPLIST_FILE = demiurg/Info.plist;
				INFOPLIST_KEY_UIApplicationSupportsIndirectInputEvents = YES;
				INFOPLIST_KEY_UILaunchStoryboardName = LaunchScreen;
				INFOPLIST_KEY_UIMainStoryboardFile = Main;
				INFOPLIST_KEY_UISupportedInterfaceOrientations_iPad = "UIInterfaceOrientationPortrait UIInterfaceOrientationPortraitUpsideDown UIInterfaceOrientationLandscapeLeft UIInterfaceOrientationLandscapeRight";
				INFOPLIST_KEY_UISupportedInterfaceOrientations_iPhone = "UIInterfaceOrientationPortrait UIInterfaceOrientationLandscapeLeft UIInterfaceOrientationLandscapeRight";
				LD_RUNPATH_SEARCH_PATHS = (
					"$(inherited)",
					"@executable_path/Frameworks",
				);
				MARKETING_VERSION = 1.0;
				PRODUCT_BUNDLE_IDENTIFIER = com.rakhmatov.demiurg;
				PRODUCT_NAME = "$(TARGET_NAME)";
				SWIFT_EMIT_LOC_STRINGS = YES;
				SWIFT_VERSION = 5.0;
				TARGETED_DEVICE_FAMILY = "1,2";
			};
			name = Release;
		};
		BC3A52B32C6BD43D0029526F /* Debug */ = {
			isa = XCBuildConfiguration;
			buildSettings = {
				ALWAYS_EMBED_SWIFT_STANDARD_LIBRARIES = YES;
				BUNDLE_LOADER = "$(TEST_HOST)";
				CODE_SIGN_STYLE = Automatic;
				CURRENT_PROJECT_VERSION = 1;
				DEVELOPMENT_TEAM = 5L7SS75SFS;
				GENERATE_INFOPLIST_FILE = YES;
				IPHONEOS_DEPLOYMENT_TARGET = 17.5;
				MARKETING_VERSION = 1.0;
				PRODUCT_BUNDLE_IDENTIFIER = com.rakhmatov.demiurgTests;
				PRODUCT_NAME = "$(TARGET_NAME)";
				SWIFT_EMIT_LOC_STRINGS = NO;
				SWIFT_VERSION = 5.0;
				TARGETED_DEVICE_FAMILY = "1,2";
				TEST_HOST = "$(BUILT_PRODUCTS_DIR)/demiurg.app/$(BUNDLE_EXECUTABLE_FOLDER_PATH)/demiurg";
			};
			name = Debug;
		};
		BC3A52B42C6BD43D0029526F /* Release */ = {
			isa = XCBuildConfiguration;
			buildSettings = {
				ALWAYS_EMBED_SWIFT_STANDARD_LIBRARIES = YES;
				BUNDLE_LOADER = "$(TEST_HOST)";
				CODE_SIGN_STYLE = Automatic;
				CURRENT_PROJECT_VERSION = 1;
				DEVELOPMENT_TEAM = 5L7SS75SFS;
				GENERATE_INFOPLIST_FILE = YES;
				IPHONEOS_DEPLOYMENT_TARGET = 17.5;
				MARKETING_VERSION = 1.0;
				PRODUCT_BUNDLE_IDENTIFIER = com.rakhmatov.demiurgTests;
				PRODUCT_NAME = "$(TARGET_NAME)";
				SWIFT_EMIT_LOC_STRINGS = NO;
				SWIFT_VERSION = 5.0;
				TARGETED_DEVICE_FAMILY = "1,2";
				TEST_HOST = "$(BUILT_PRODUCTS_DIR)/demiurg.app/$(BUNDLE_EXECUTABLE_FOLDER_PATH)/demiurg";
			};
			name = Release;
		};
		BC3A52B62C6BD43D0029526F /* Debug */ = {
			isa = XCBuildConfiguration;
			buildSettings = {
				ALWAYS_EMBED_SWIFT_STANDARD_LIBRARIES = YES;
				CODE_SIGN_STYLE = Automatic;
				CURRENT_PROJECT_VERSION = 1;
				DEVELOPMENT_TEAM = 5L7SS75SFS;
				GENERATE_INFOPLIST_FILE = YES;
				MARKETING_VERSION = 1.0;
				PRODUCT_BUNDLE_IDENTIFIER = com.rakhmatov.demiurgUITests;
				PRODUCT_NAME = "$(TARGET_NAME)";
				SWIFT_EMIT_LOC_STRINGS = NO;
				SWIFT_VERSION = 5.0;
				TARGETED_DEVICE_FAMILY = "1,2";
				TEST_TARGET_NAME = demiurg;
			};
			name = Debug;
		};
		BC3A52B72C6BD43D0029526F /* Release */ = {
			isa = XCBuildConfiguration;
			buildSettings = {
				ALWAYS_EMBED_SWIFT_STANDARD_LIBRARIES = YES;
				CODE_SIGN_STYLE = Automatic;
				CURRENT_PROJECT_VERSION = 1;
				DEVELOPMENT_TEAM = 5L7SS75SFS;
				GENERATE_INFOPLIST_FILE = YES;
				MARKETING_VERSION = 1.0;
				PRODUCT_BUNDLE_IDENTIFIER = com.rakhmatov.demiurgUITests;
				PRODUCT_NAME = "$(TARGET_NAME)";
				SWIFT_EMIT_LOC_STRINGS = NO;
				SWIFT_VERSION = 5.0;
				TARGETED_DEVICE_FAMILY = "1,2";
				TEST_TARGET_NAME = demiurg;
			};
			name = Release;
		};
/* End XCBuildConfiguration section */

/* Begin XCConfigurationList section */
		BC3A52802C6BD43C0029526F /* Build configuration list for PBXProject "demiurg" */ = {
			isa = XCConfigurationList;
			buildConfigurations = (
				BC3A52AD2C6BD43D0029526F /* Debug */,
				BC3A52AE2C6BD43D0029526F /* Release */,
			);
			defaultConfigurationIsVisible = 0;
			defaultConfigurationName = Release;
		};
		BC3A52AF2C6BD43D0029526F /* Build configuration list for PBXNativeTarget "demiurg" */ = {
			isa = XCConfigurationList;
			buildConfigurations = (
				BC3A52B02C6BD43D0029526F /* Debug */,
				BC3A52B12C6BD43D0029526F /* Release */,
			);
			defaultConfigurationIsVisible = 0;
			defaultConfigurationName = Release;
		};
		BC3A52B22C6BD43D0029526F /* Build configuration list for PBXNativeTarget "demiurgTests" */ = {
			isa = XCConfigurationList;
			buildConfigurations = (
				BC3A52B32C6BD43D0029526F /* Debug */,
				BC3A52B42C6BD43D0029526F /* Release */,
			);
			defaultConfigurationIsVisible = 0;
			defaultConfigurationName = Release;
		};
		BC3A52B52C6BD43D0029526F /* Build configuration list for PBXNativeTarget "demiurgUITests" */ = {
			isa = XCConfigurationList;
			buildConfigurations = (
				BC3A52B62C6BD43D0029526F /* Debug */,
				BC3A52B72C6BD43D0029526F /* Release */,
			);
			defaultConfigurationIsVisible = 0;
			defaultConfigurationName = Release;
		};
/* End XCConfigurationList section */
	};
	rootObject = BC3A527D2C6BD43C0029526F /* Project object */;
}
